
Microsoft Visual Studio Solution File, Format Version 12.00
# Visual Studio Version 17
VisualStudioVersion = 17.3.32825.248
MinimumVisualStudioVersion = 10.0.40219.1
Project("{FAE04EC0-301F-11D3-BF4B-00C04F79EFBC}") = "LDAP.ConsoleApp2", "LDAP.ConsoleApp2\LDAP.ConsoleApp2.csproj", "{9226C5B1-7FE1-447C-9362-5EBD7F71A447}"
EndProject
Global
	GlobalSection(SolutionConfigurationPlatforms) = preSolution
		Debug|Any CPU = Debug|Any CPU
		Release|Any CPU = Release|Any CPU
	EndGlobalSection
	GlobalSection(ProjectConfigurationPlatforms) = postSolution
		{9226C5B1-7FE1-447C-9362-5EBD7F71A447}.Debug|Any CPU.ActiveCfg = Debug|Any CPU
		{9226C5B1-7FE1-447C-9362-5EBD7F71A447}.Debug|Any CPU.Build.0 = Debug|Any CPU
		{9226C5B1-7FE1-447C-9362-5EBD7F71A447}.Release|Any CPU.ActiveCfg = Release|Any CPU
		{9226C5B1-7FE1-447C-9362-5EBD7F71A447}.Release|Any CPU.Build.0 = Release|Any CPU
	EndGlobalSection
	GlobalSection(SolutionProperties) = preSolution
		HideSolutionNode = FALSE
	EndGlobalSection
	GlobalSection(ExtensibilityGlobals) = postSolution
		SolutionGuid = {797D0EC4-1285-437A-BC9A-51DC8318435A}
	EndGlobalSection
EndGlobal
